
Microsoft Visual Studio Solution File, Format Version 12.00
# Visual Studio Version 17
VisualStudioVersion = 17.3.32825.248
MinimumVisualStudioVersion = 10.0.40219.1
Project("{9A19103F-16F7-4668-BE54-9A1E7A4F7556}") = "API", "API\API.csproj", "{61ADF74A-A415-4EC8-AAA5-F09594832354}"
EndProject
Project("{FAE04EC0-301F-11D3-BF4B-00C04F79EFBC}") = "BL", "BL\BL.csproj", "{ECBC3AC9-BEF6-4E55-B2F6-0B04713AE6E6}"
EndProject
Project("{FAE04EC0-301F-11D3-BF4B-00C04F79EFBC}") = "Model", "Model\Model.csproj", "{FE2BC1F0-8EEC-4116-9711-2E7019385AA4}"
EndProject
Project("{FAE04EC0-301F-11D3-BF4B-00C04F79EFBC}") = "BL.Tests", "BL.Tests\BL.Tests.csproj", "{6AF6C517-682A-4936-AEA6-64B3CD5835BD}"
EndProject
Global
	GlobalSection(SolutionConfigurationPlatforms) = preSolution
		Debug|Any CPU = Debug|Any CPU
		Release|Any CPU = Release|Any CPU
	EndGlobalSection
	GlobalSection(ProjectConfigurationPlatforms) = postSolution
		{61ADF74A-A415-4EC8-AAA5-F09594832354}.Debug|Any CPU.ActiveCfg = Debug|Any CPU
		{61ADF74A-A415-4EC8-AAA5-F09594832354}.Debug|Any CPU.Build.0 = Debug|Any CPU
		{61ADF74A-A415-4EC8-AAA5-F09594832354}.Release|Any CPU.ActiveCfg = Release|Any CPU
		{61ADF74A-A415-4EC8-AAA5-F09594832354}.Release|Any CPU.Build.0 = Release|Any CPU
		{ECBC3AC9-BEF6-4E55-B2F6-0B04713AE6E6}.Debug|Any CPU.ActiveCfg = Debug|Any CPU
		{ECBC3AC9-BEF6-4E55-B2F6-0B04713AE6E6}.Debug|Any CPU.Build.0 = Debug|Any CPU
		{ECBC3AC9-BEF6-4E55-B2F6-0B04713AE6E6}.Release|Any CPU.ActiveCfg = Release|Any CPU
		{ECBC3AC9-BEF6-4E55-B2F6-0B04713AE6E6}.Release|Any CPU.Build.0 = Release|Any CPU
		{FE2BC1F0-8EEC-4116-9711-2E7019385AA4}.Debug|Any CPU.ActiveCfg = Debug|Any CPU
		{FE2BC1F0-8EEC-4116-9711-2E7019385AA4}.Debug|Any CPU.Build.0 = Debug|Any CPU
		{FE2BC1F0-8EEC-4116-9711-2E7019385AA4}.Release|Any CPU.ActiveCfg = Release|Any CPU
		{FE2BC1F0-8EEC-4116-9711-2E7019385AA4}.Release|Any CPU.Build.0 = Release|Any CPU
		{6AF6C517-682A-4936-AEA6-64B3CD5835BD}.Debug|Any CPU.ActiveCfg = Debug|Any CPU
		{6AF6C517-682A-4936-AEA6-64B3CD5835BD}.Debug|Any CPU.Build.0 = Debug|Any CPU
		{6AF6C517-682A-4936-AEA6-64B3CD5835BD}.Release|Any CPU.ActiveCfg = Release|Any CPU
		{6AF6C517-682A-4936-AEA6-64B3CD5835BD}.Release|Any CPU.Build.0 = Release|Any CPU
	EndGlobalSection
	GlobalSection(SolutionProperties) = preSolution
		HideSolutionNode = FALSE
	EndGlobalSection
	GlobalSection(ExtensibilityGlobals) = postSolution
		SolutionGuid = {25DE5622-ED6F-4911-AFAE-45EE580FA111}
	EndGlobalSection
EndGlobal
